
Microsoft Visual Studio Solution File, Format Version 12.00
# Visual Studio 15
VisualStudioVersion = 15.0.26430.6
MinimumVisualStudioVersion = 10.0.40219.1
Project("{FAE04EC0-301F-11D3-BF4B-00C04F79EFBC}") = "BitmapAddition", "BitmapAddition\BitmapAddition.csproj", "{BDE77002-438C-4B05-9AEF-F3F212DC903F}"
EndProject
Project("{FAE04EC0-301F-11D3-BF4B-00C04F79EFBC}") = "Tests", "Tests\Tests.csproj", "{527AA328-B95A-45B6-88CD-DC91DCC479AF}"
EndProject
Global
	GlobalSection(SolutionConfigurationPlatforms) = preSolution
		Debug|Any CPU = Debug|Any CPU
		Release|Any CPU = Release|Any CPU
	EndGlobalSection
	GlobalSection(ProjectConfigurationPlatforms) = postSolution
		{BDE77002-438C-4B05-9AEF-F3F212DC903F}.Debug|Any CPU.ActiveCfg = Debug|Any CPU
		{BDE77002-438C-4B05-9AEF-F3F212DC903F}.Debug|Any CPU.Build.0 = Debug|Any CPU
		{BDE77002-438C-4B05-9AEF-F3F212DC903F}.Release|Any CPU.ActiveCfg = Release|Any CPU
		{BDE77002-438C-4B05-9AEF-F3F212DC903F}.Release|Any CPU.Build.0 = Release|Any CPU
		{527AA328-B95A-45B6-88CD-DC91DCC479AF}.Debug|Any CPU.ActiveCfg = Debug|Any CPU
		{527AA328-B95A-45B6-88CD-DC91DCC479AF}.Debug|Any CPU.Build.0 = Debug|Any CPU
		{527AA328-B95A-45B6-88CD-DC91DCC479AF}.Release|Any CPU.ActiveCfg = Release|Any CPU
		{527AA328-B95A-45B6-88CD-DC91DCC479AF}.Release|Any CPU.Build.0 = Release|Any CPU
	EndGlobalSection
	GlobalSection(SolutionProperties) = preSolution
		HideSolutionNode = FALSE
	EndGlobalSection
	GlobalSection(ExtensibilityGlobals) = postSolution
		SolutionGuid = {E5A95789-CDCB-4044-8E73-C5D6763AEBFE}
	EndGlobalSection
EndGlobal
